
Microsoft Visual Studio Solution File, Format Version 12.00
# Visual Studio Version 17
VisualStudioVersion = 17.13.35825.156 d17.13
MinimumVisualStudioVersion = 10.0.40219.1
Project("{FAE04EC0-301F-11D3-BF4B-00C04F79EFBC}") = "TryPraca", "TryPraca.csproj", "{A29FBA1F-DC6C-46BB-B075-D1AC38B8D8AA}"
EndProject
Global
	GlobalSection(SolutionConfigurationPlatforms) = preSolution
		Debug|Any CPU = Debug|Any CPU
		Release|Any CPU = Release|Any CPU
	EndGlobalSection
	GlobalSection(ProjectConfigurationPlatforms) = postSolution
		{A29FBA1F-DC6C-46BB-B075-D1AC38B8D8AA}.Debug|Any CPU.ActiveCfg = Debug|Any CPU
		{A29FBA1F-DC6C-46BB-B075-D1AC38B8D8AA}.Debug|Any CPU.Build.0 = Debug|Any CPU
		{A29FBA1F-DC6C-46BB-B075-D1AC38B8D8AA}.Release|Any CPU.ActiveCfg = Release|Any CPU
		{A29FBA1F-DC6C-46BB-B075-D1AC38B8D8AA}.Release|Any CPU.Build.0 = Release|Any CPU
	EndGlobalSection
	GlobalSection(SolutionProperties) = preSolution
		HideSolutionNode = FALSE
	EndGlobalSection
	GlobalSection(ExtensibilityGlobals) = postSolution
		SolutionGuid = {658848FF-CCDC-4F67-B603-B9AA04C514F1}
	EndGlobalSection
EndGlobal
